# @generated - this file is auto-generated by `mise lock` https://mise.jdx.dev/dev-tools/mise-lock.html

lockfile_version = 3

[[tools.aws-cli]]
version = "2.37.12"
backend = "aqua:aws/aws-cli"
specifiers = ["latest"]

[tools.aws-cli."platforms.linux-x64"]
url = "https://awscli.amazonaws.com/awscli-exe-linux-x86_64-2.37.12.zip"

[tools.aws-cli."platforms.macos-arm64"]
url = "https://awscli.amazonaws.com/AWSCLIV2-2.37.12.pkg"

[tools.aws-cli."platforms.macos-x64"]
url = "https://awscli.amazonaws.com/AWSCLIV2-2.37.12.pkg"

[[tools.bat]]
version = "0.26.1"
backend = "aqua:sharkdp/bat"
specifiers = ["latest"]

[tools.bat."platforms.linux-x64"]
checksum = "sha256:726f04c8f576a7fd18b7634f1bbf2f915c43494c1c0f013baa3287edb0d5a2a3"
url = "https://github.com/sharkdp/bat/releases/download/v0.26.1/bat-v0.26.1-x86_64-unknown-linux-gnu.tar.gz"
url_api = "https://api.github.com/repos/sharkdp/bat/releases/assets/323549181"

[tools.bat."platforms.macos-arm64"]
checksum = "sha256:e30beff26779c9bf60bb541e1d79046250cb74378f2757f8eb250afddb19e114"
url = "https://github.com/sharkdp/bat/releases/download/v0.26.1/bat-v0.26.1-aarch64-apple-darwin.tar.gz"
url_api = "https://api.github.com/repos/sharkdp/bat/releases/assets/323548442"

[tools.bat."platforms.macos-x64"]
checksum = "sha256:830d63b0bba1fa040542ec569e3cf77f60d3356b9de75116a344b061e0894245"
url = "https://github.com/sharkdp/bat/releases/download/v0.26.1/bat-v0.26.1-x86_64-apple-darwin.tar.gz"
url_api = "https://api.github.com/repos/sharkdp/bat/releases/assets/323549786"

[tools.bat."platforms.windows-x64"]
checksum = "sha256:0f729b4b6f5f28d395c641eacc2e9ff68d0096b85aa0eec344aa62425144b69b"
url = "https://github.com/sharkdp/bat/releases/download/v0.26.1/bat-v0.26.1-x86_64-pc-windows-msvc.zip"
url_api = "https://api.github.com/repos/sharkdp/bat/releases/assets/323549116"

[[tools.bun]]
version = "1.4.2"
backend = "core:bun"
specifiers = ["latest"]

[tools.bun."platforms.linux-x64"]
checksum = "sha256:36368faef7527875d5ffa52e53cd48021741f2a83eb6208a8dd64068d422a913"
url = "https://github.com/oven-sh/bun/releases/download/bun-v1.4.2/bun-linux-x64.zip"

[tools.bun."platforms.linux-x64-baseline"]
checksum = "sha256:c678040f14fe0440eb839d37cbd0ce4c051a32da72806ac97de6a6aab6bf728f"
url = "https://github.com/oven-sh/bun/releases/download/bun-v1.4.2/bun-linux-x64-baseline.zip"

[tools.bun."platforms.linux-x64-musl"]
checksum = "sha256:4835eca59d6da70f4674f5642f6e459dcadab773695b2ed9922d131057989742"
url = "https://github.com/oven-sh/bun/releases/download/bun-v1.4.2/bun-linux-x64-musl.zip"

[tools.bun."platforms.linux-x64-musl-baseline"]
checksum = "sha256:76e1db84e98f22f78de0a87e309bfbbf297732847f9720db36750646c85c8c18"
url = "https://github.com/oven-sh/bun/releases/download/bun-v1.4.2/bun-linux-x64-musl-baseline.zip"

[tools.bun."platforms.macos-arm64"]
checksum = "sha256:90987a3a16d7db556d886ac3d551e7b6d3edf0a1cf43acaed622e8676be1d12f"
url = "https://github.com/oven-sh/bun/releases/download/bun-v1.4.2/bun-darwin-aarch64.zip"

[tools.bun."platforms.macos-x64"]
checksum = "sha256:80520d7e17526308c9185d261679ac6d27798d3803a0e9f7ff9121ab8affb012"
url = "https://github.com/oven-sh/bun/releases/download/bun-v1.4.2/bun-darwin-x64.zip"

[tools.bun."platforms.macos-x64-baseline"]
checksum = "sha256:bad5bbd6cf14d0980d115f5954c9ff904df619d5e994d2da1ffccd3f316300b0"
url = "https://github.com/oven-sh/bun/releases/download/bun-v1.4.2/bun-darwin-x64-baseline.zip"

[tools.bun."platforms.windows-x64"]
checksum = "sha256:ce4c17497b2f29712a99d3d53f028de28cd42e3bacb8589599e7f000e49b6405"
url = "https://github.com/oven-sh/bun/releases/download/bun-v1.4.2/bun-windows-x64.zip"

[tools.bun."platforms.windows-x64-baseline"]
checksum = "sha256:78c221c2376f79731ccf4e4af0b3bb46d81fefa3296c5abee09ad8a1b21e68c6"
url = "https://github.com/oven-sh/bun/releases/download/bun-v1.4.2/bun-windows-x64-baseline.zip"

[[tools."cargo:cargo-clean-all"]]
version = "0.6.5"
backend = "cargo:cargo-clean-all"
specifiers = ["latest"]

[[tools.claude]]
version = "2.1.295"
backend = "aqua:anthropics/claude-code"
specifiers = ["latest"]

[tools.claude."platforms.linux-x64"]
checksum = "sha256:cf9cfb714ded1f27c1d3b7fb274faef50d72312c4b14525a74659188f59bd8b1"
url = "https://github.com/anthropics/claude-code/releases/download/v2.1.295/claude-linux-x64.tar.gz"
url_api = "https://api.github.com/repos/anthropics/claude-code/releases/assets/622631007"

[tools.claude."platforms.macos-arm64"]
checksum = "sha256:dfbbe96007c69d7bc8631c5f4d7596e960cb0962f8d13efea7d4239f4caa3917"
url = "https://github.com/anthropics/claude-code/releases/download/v2.1.295/claude-darwin-arm64.tar.gz"
url_api = "https://api.github.com/repos/anthropics/claude-code/releases/assets/622630668"

[tools.claude."platforms.macos-x64"]
checksum = "sha256:7b0ae32560b75062ea3a93b157d08defc406dbd1fb8a5ea59acdff5d169e8f31"
url = "https://github.com/anthropics/claude-code/releases/download/v2.1.295/claude-darwin-x64.tar.gz"
url_api = "https://api.github.com/repos/anthropics/claude-code/releases/assets/622630675"

[tools.claude."platforms.windows-x64"]
checksum = "sha256:3f8ce0f5dcf243d652f57c0ba3aa2da3bceda5c1cab819357c259954dc2fbf18"
url = "https://github.com/anthropics/claude-code/releases/download/v2.1.295/claude-win32-x64.zip"
url_api = "https://api.github.com/repos/anthropics/claude-code/releases/assets/622631050"

[[tools.codex]]
version = "0.160.1"
backend = "aqua:openai/codex"
specifiers = ["latest"]

[tools.codex."platforms.linux-x64"]
checksum = "sha256:340801565906a7028f6baaa9ab6853addaef221f0016a1417a7c1ffdd96c21f0"
url = "https://github.com/openai/codex/releases/download/rust-v0.160.1/codex-package-x86_64-unknown-linux-musl.tar.gz"
url_api = "https://api.github.com/repos/openai/codex/releases/assets/613336480"

[tools.codex."platforms.macos-arm64"]
checksum = "sha256:f73527ee09c6db869acbb37b709866b339ea74ef91d2de255e9c74ec960c6314"
url = "https://github.com/openai/codex/releases/download/rust-v0.160.1/codex-package-aarch64-apple-darwin.tar.gz"
url_api = "https://api.github.com/repos/openai/codex/releases/assets/613351437"

[tools.codex."platforms.macos-x64"]
checksum = "sha256:a98f330c9b1652cef2edc7bc2ee4c47a0fe19fa098b686381be3c8842abf0ac0"
url = "https://github.com/openai/codex/releases/download/rust-v0.160.1/codex-package-x86_64-apple-darwin.tar.gz"
url_api = "https://api.github.com/repos/openai/codex/releases/assets/613342135"

[tools.codex."platforms.windows-x64"]
checksum = "sha256:25c6fe4e46d5bff939312fc46de67ace37561f6f1f89b409af63fd8cc6098425"
url = "https://github.com/openai/codex/releases/download/rust-v0.160.1/codex-package-x86_64-pc-windows-msvc.tar.gz"
url_api = "https://api.github.com/repos/openai/codex/releases/assets/613338878"

[[tools.fd]]
version = "10.5.0"
backend = "aqua:sharkdp/fd"
specifiers = ["latest"]

[tools.fd."platforms.linux-x64"]
checksum = "sha256:a1259cd129636efbc3fef123525c1b49e88fe5088c012630983c310e52fdfa95"
url = "https://github.com/sharkdp/fd/releases/download/v10.5.0/fd-v10.5.0-x86_64-unknown-linux-gnu.tar.gz"
url_api = "https://api.github.com/repos/sharkdp/fd/releases/assets/530481615"

[tools.fd."platforms.macos-arm64"]
checksum = "sha256:b67e1836c468e42e411984b56e52fa7abec08c2bd22c867398e7cc134aac5e12"
url = "https://github.com/sharkdp/fd/releases/download/v10.5.0/fd-v10.5.0-aarch64-apple-darwin.tar.gz"
url_api = "https://api.github.com/repos/sharkdp/fd/releases/assets/530481346"

[tools.fd."platforms.macos-x64"]
checksum = "sha256:7e31028c62c6955877735d0406807aa484c2a5e6f86235a59e26c29c301da590"
url = "https://github.com/sharkdp/fd/releases/download/v10.5.0/fd-v10.5.0-x86_64-apple-darwin.tar.gz"
url_api = "https://api.github.com/repos/sharkdp/fd/releases/assets/530484719"

[tools.fd."platforms.windows-x64"]
checksum = "sha256:a227701b8551c35a9931d9f6da75503cf86d88e182d71fb849a70864c5d57cd7"
url = "https://github.com/sharkdp/fd/releases/download/v10.5.0/fd-v10.5.0-x86_64-pc-windows-msvc.zip"
url_api = "https://api.github.com/repos/sharkdp/fd/releases/assets/530482901"

[[tools.fzf]]
version = "0.74.4"
backend = "aqua:junegunn/fzf"
specifiers = ["latest"]

[tools.fzf."platforms.linux-x64"]
checksum = "sha256:05e6813a337cc722c3ed07e54a764b75cc5d671e2e60459db0ba696ee5fa7504"
url = "https://github.com/junegunn/fzf/releases/download/v0.74.4/fzf-0.74.4-linux_amd64.tar.gz"
url_api = "https://api.github.com/repos/junegunn/fzf/releases/assets/558287768"

[tools.fzf."platforms.macos-arm64"]
checksum = "sha256:4f6a113bfc0c7959e0005c78d566a51afc4fcefc956f43735c62a9deb19e92ae"
url = "https://github.com/junegunn/fzf/releases/download/v0.74.4/fzf-0.74.4-darwin_arm64.tar.gz"
url_api = "https://api.github.com/repos/junegunn/fzf/releases/assets/558287774"

[tools.fzf."platforms.macos-x64"]
checksum = "sha256:2d392b50be66e2ab104ccd52a6072df692b1f9b9c5b449a9c098de885f32c4c5"
url = "https://github.com/junegunn/fzf/releases/download/v0.74.4/fzf-0.74.4-darwin_amd64.tar.gz"
url_api = "https://api.github.com/repos/junegunn/fzf/releases/assets/558287717"

[tools.fzf."platforms.windows-x64"]
checksum = "sha256:5e63c0e798406fcb9c51a9fed4988398e25fdabf8c670e32c16caf7b4a7ed02d"
url = "https://github.com/junegunn/fzf/releases/download/v0.74.4/fzf-0.74.4-windows_amd64.zip"
url_api = "https://api.github.com/repos/junegunn/fzf/releases/assets/558287758"

[[tools.gcloud]]
version = "588.0.0"
backend = "vfox:mise-plugins/vfox-gcloud"
specifiers = ["latest"]

[tools.gcloud."platforms.linux-x64"]
url = "https://storage.googleapis.com/cloud-sdk-release/google-cloud-sdk-588.0.0-linux-x86_64.tar.gz"

[tools.gcloud."platforms.macos-arm64"]
url = "https://storage.googleapis.com/cloud-sdk-release/google-cloud-sdk-588.0.0-darwin-arm.tar.gz"

[tools.gcloud."platforms.macos-x64"]
url = "https://storage.googleapis.com/cloud-sdk-release/google-cloud-sdk-588.0.0-darwin-x86_64.tar.gz"

[tools.gcloud."platforms.windows-x64"]
url = "https://storage.googleapis.com/cloud-sdk-release/google-cloud-sdk-588.0.0-windows-x86_64-bundled-python.zip"

[[tools.gdu]]
version = "5.38.0"
backend = "aqua:dundee/gdu"
specifiers = ["latest"]

[tools.gdu."platforms.linux-x64"]
checksum = "sha256:91735d86160f6f72ecd92ed277a765b23d787e0cb34b9cd55ddece7186eb38b9"
url = "https://github.com/dundee/gdu/releases/download/v5.38.0/gdu_linux_amd64.tgz"
url_api = "https://api.github.com/repos/dundee/gdu/releases/assets/612119557"

[tools.gdu."platforms.macos-arm64"]
checksum = "sha256:cbfc4981f6d5d5bf66a1dbb1faa65bc64b15060b2782b325b888f616655415db"
url = "https://github.com/dundee/gdu/releases/download/v5.38.0/gdu_darwin_arm64.tgz"
url_api = "https://api.github.com/repos/dundee/gdu/releases/assets/612119556"

[tools.gdu."platforms.macos-x64"]
checksum = "sha256:713469aa9f3bbeef0cd26d0bc7982c9cba6027a0f0b83ea19cec6f026f8c624a"
url = "https://github.com/dundee/gdu/releases/download/v5.38.0/gdu_darwin_amd64.tgz"
url_api = "https://api.github.com/repos/dundee/gdu/releases/assets/612119560"

[tools.gdu."platforms.windows-x64"]
checksum = "sha256:22e6616e0bdc25d8d803934b4d3189996ebf74de8ac9b3635a4e4e079c3d7f8a"
url = "https://github.com/dundee/gdu/releases/download/v5.38.0/gdu_windows_amd64.exe.zip"
url_api = "https://api.github.com/repos/dundee/gdu/releases/assets/612119539"

[[tools.gh]]
version = "2.102.0"
backend = "aqua:cli/cli"
specifiers = ["latest"]

[tools.gh."platforms.linux-x64"]
checksum = "sha256:bb766f710eef8ede859c18578c72c327597cd4c8a85b06001b1f3843c6019386"
url = "https://github.com/cli/cli/releases/download/v2.102.0/gh_2.102.0_linux_amd64.tar.gz"
url_api = "https://api.github.com/repos/cli/cli/releases/assets/599854672"
provenance = "github-attestations"

[tools.gh."platforms.macos-arm64"]
checksum = "sha256:da922c20d1792e5b2cbf375593d7a658acf034c12c84e007e71c76ef959c337e"
url = "https://github.com/cli/cli/releases/download/v2.102.0/gh_2.102.0_macOS_arm64.zip"
url_api = "https://api.github.com/repos/cli/cli/releases/assets/599854720"
provenance = "github-attestations"

[tools.gh."platforms.macos-x64"]
checksum = "sha256:b245f24eb2bf5f75b426b4c26da3651a107f8d5b6f4fddfbfccc5679041378b3"
url = "https://github.com/cli/cli/releases/download/v2.102.0/gh_2.102.0_macOS_amd64.zip"
url_api = "https://api.github.com/repos/cli/cli/releases/assets/599854716"
provenance = "github-attestations"

[tools.gh."platforms.windows-x64"]
checksum = "sha256:ae64e556ecc240b200f7eba60d550e4bb60d78e860e69dd88c449405b86067f4"
url = "https://github.com/cli/cli/releases/download/v2.102.0/gh_2.102.0_windows_amd64.zip"
url_api = "https://api.github.com/repos/cli/cli/releases/assets/599854760"
provenance = "github-attestations"

[[tools."github:alibaba/open-code-review"]]
version = "1.12.13"
backend = "github:alibaba/open-code-review"
specifiers = ["latest"]

[tools."github:alibaba/open-code-review".options]
asset_pattern = "opencodereview-windows-amd64.exe"

[tools."github:alibaba/open-code-review"."platforms.windows-x64"]
checksum = "sha256:520b135f1e15e129643678c2f6ce1daff9e5299250b59aa849a19ad723e716a4"
url = "https://github.com/alibaba/open-code-review/releases/download/v1.12.13/opencodereview-windows-amd64.exe"
url_api = "https://api.github.com/repos/alibaba/open-code-review/releases/assets/621701108"
provenance = "github-attestations"

[[tools."github:alibaba/open-code-review"]]
version = "1.12.13"
backend = "github:alibaba/open-code-review"
specifiers = ["latest"]

[tools."github:alibaba/open-code-review".options]
asset_pattern = "opencodereview-linux-amd64"

[tools."github:alibaba/open-code-review"."platforms.linux-x64"]
checksum = "sha256:d3d69e374bd1b8c02c1269d5b9c02437632812932f92423d4468bba717c8c328"
url = "https://github.com/alibaba/open-code-review/releases/download/v1.12.13/opencodereview-linux-amd64"
url_api = "https://api.github.com/repos/alibaba/open-code-review/releases/assets/621701114"
provenance = "github-attestations"

[[tools."github:alibaba/open-code-review"]]
version = "1.12.13"
backend = "github:alibaba/open-code-review"
specifiers = ["latest"]

[tools."github:alibaba/open-code-review".options]
asset_pattern = "opencodereview-darwin-arm64"

[tools."github:alibaba/open-code-review"."platforms.macos-arm64"]
checksum = "sha256:d973dd5926f1ac5e22e91e56780873a86a8d79cae504ae488ee03e6f7a1e80ee"
url = "https://github.com/alibaba/open-code-review/releases/download/v1.12.13/opencodereview-darwin-arm64"
url_api = "https://api.github.com/repos/alibaba/open-code-review/releases/assets/621701113"
provenance = "github-attestations"

[[tools."github:alibaba/open-code-review"]]
version = "1.12.13"
backend = "github:alibaba/open-code-review"
specifiers = ["latest"]

[tools."github:alibaba/open-code-review".options]
asset_pattern = "opencodereview-darwin-amd64"

[tools."github:alibaba/open-code-review"."platforms.macos-x64"]
checksum = "sha256:f49f9db4d111ecc9f1fa412001323cd5531f31fc4ce94d499259f077ccf7be98"
url = "https://github.com/alibaba/open-code-review/releases/download/v1.12.13/opencodereview-darwin-amd64"
url_api = "https://api.github.com/repos/alibaba/open-code-review/releases/assets/621701110"
provenance = "github-attestations"

[[tools.herdr]]
version = "0.9.3"
backend = "aqua:herdrdev/herdr"
specifiers = ["latest"]

[tools.herdr."platforms.linux-x64"]
checksum = "sha256:18a8dc65f1c2fa485884344356dea1cfd911c6f06cf46fa78e193f4087f4dba7"
url = "https://github.com/herdrdev/herdr/releases/download/v0.9.3/herdr-linux-x86_64"
url_api = "https://api.github.com/repos/herdrdev/herdr/releases/assets/599036383"

[tools.herdr."platforms.macos-arm64"]
checksum = "sha256:5173a3e0ae42d5d1ab7ebfa5d5e6329f7c3d23f8e1a3677c7ce3231da2884157"
url = "https://github.com/herdrdev/herdr/releases/download/v0.9.3/herdr-macos-aarch64"
url_api = "https://api.github.com/repos/herdrdev/herdr/releases/assets/599036381"

[tools.herdr."platforms.macos-x64"]
checksum = "sha256:db62d548ff3e832b087a96b1894a08d26be3905f1830309cd556783f215d4054"
url = "https://github.com/herdrdev/herdr/releases/download/v0.9.3/herdr-macos-x86_64"
url_api = "https://api.github.com/repos/herdrdev/herdr/releases/assets/599036385"

[tools.herdr."platforms.windows-x64"]
checksum = "sha256:c75b1fa49f7a3ba4b8b11789912a6147e4214a3b6fd3556d0f80076c8887d795"
url = "https://github.com/herdrdev/herdr/releases/download/v0.9.3/herdr-windows-x86_64.zip"
url_api = "https://api.github.com/repos/herdrdev/herdr/releases/assets/599036387"

[[tools.infisical]]
version = "0.43.140"
backend = "github:Infisical/cli"
specifiers = ["latest"]

[tools.infisical.options]
asset_pattern = "cli_{{ version }}_{{ os(macos='darwin') }}_{{ arch(x64='amd64') }}.tar.gz"

[tools.infisical."platforms.linux-x64"]
checksum = "sha256:c9f014c78cb1b4ba57f758f921843dbe541a3c8d2b83e622b0dc67d77ead4178"
url = "https://github.com/Infisical/cli/releases/download/v0.43.140/cli_0.43.140_linux_amd64.tar.gz"
url_api = "https://api.github.com/repos/Infisical/cli/releases/assets/620267131"

[tools.infisical."platforms.macos-arm64"]
checksum = "sha256:1c82aedd627d1c73972cc92ad58412a44fab94d108c5bd052e3225323cf62313"
url = "https://github.com/Infisical/cli/releases/download/v0.43.140/cli_0.43.140_darwin_arm64.tar.gz"
url_api = "https://api.github.com/repos/Infisical/cli/releases/assets/620261757"

[tools.infisical."platforms.macos-x64"]
checksum = "sha256:1d65801c336e9e6ab441f6e57f3b3d209fffeaf2d26ac8d04dd8510602f5dcaa"
url = "https://github.com/Infisical/cli/releases/download/v0.43.140/cli_0.43.140_darwin_amd64.tar.gz"
url_api = "https://api.github.com/repos/Infisical/cli/releases/assets/620261753"

[tools.infisical."platforms.windows-x64"]
checksum = "sha256:6cee68d40669860cc989b3de536f076508a347a1ae88d0f5ebc0753e20588364"
url = "https://github.com/Infisical/cli/releases/download/v0.43.140/cli_0.43.140_windows_amd64.tar.gz"
url_api = "https://api.github.com/repos/Infisical/cli/releases/assets/620268778"

[[tools.jq]]
version = "1.8.2"
backend = "aqua:jqlang/jq"
specifiers = ["latest"]

[tools.jq."platforms.linux-x64"]
checksum = "sha256:b1c22172dd303f3be49e935aa56aa48a8b7a46e0bc838b4997d3bb451495870f"
url = "https://github.com/jqlang/jq/releases/download/jq-1.8.2/jq-linux-amd64"
url_api = "https://api.github.com/repos/jqlang/jq/releases/assets/453012752"
provenance = "github-attestations"

[tools.jq."platforms.macos-arm64"]
checksum = "sha256:2d75340ba57a4b4b4c8708a21c2dc8e958a48aaa8bba13b27f77f6e4c0eca07e"
url = "https://github.com/jqlang/jq/releases/download/jq-1.8.2/jq-macos-arm64"
url_api = "https://api.github.com/repos/jqlang/jq/releases/assets/453012783"
provenance = "github-attestations"

[tools.jq."platforms.macos-x64"]
checksum = "sha256:e94b266e3c26690550006abe63152b782280f4e14374accdf04cbde844f00bc0"
url = "https://github.com/jqlang/jq/releases/download/jq-1.8.2/jq-macos-amd64"
url_api = "https://api.github.com/repos/jqlang/jq/releases/assets/453012782"
provenance = "github-attestations"

[tools.jq."platforms.windows-x64"]
checksum = "sha256:a6fc67fedaf9128a3309a1e2ebb8b986aeccf70122ee46d2cb4849e423f0c627"
url = "https://github.com/jqlang/jq/releases/download/jq-1.8.2/jq-windows-amd64.exe"
url_api = "https://api.github.com/repos/jqlang/jq/releases/assets/453012788"
provenance = "github-attestations"

[[tools.neovim]]
version = "0.12.6"
backend = "vfox:jdx/vfox-neovim"
specifiers = ["latest"]

[tools.neovim."platforms.linux-x64"]
url = "https://github.com/neovim/neovim/releases/download/v0.12.6/nvim-linux-x86_64.tar.gz"

[tools.neovim."platforms.macos-arm64"]
url = "https://github.com/neovim/neovim/releases/download/v0.12.6/nvim-macos-arm64.tar.gz"

[tools.neovim."platforms.macos-x64"]
url = "https://github.com/neovim/neovim/releases/download/v0.12.6/nvim-macos-x86_64.tar.gz"

[tools.neovim."platforms.windows-x64"]
url = "https://github.com/neovim/neovim/releases/download/v0.12.6/nvim-win64.zip"

[[tools.node]]
version = "24.21.0"
backend = "core:node"
specifiers = ["24"]

[tools.node."platforms.linux-x64"]
checksum = "sha256:6e1db87ef58b8819e5d5402eff1536491b18edd8eb7bee5ef7897876e88dc5ff"
url = "https://nodejs.org/dist/v24.21.0/node-v24.21.0-linux-x64.tar.gz"

[tools.node."platforms.macos-arm64"]
checksum = "sha256:bed7eea5325e1108f32ce5228ddd6a5f0f08a499ee42aa7442aea583702f6057"
url = "https://nodejs.org/dist/v24.21.0/node-v24.21.0-darwin-arm64.tar.gz"

[tools.node."platforms.macos-x64"]
checksum = "sha256:1462cb3b3046b815cf8ea436d3da450ec1a9f11dac7e5a46b0ada5305d7e8097"
url = "https://nodejs.org/dist/v24.21.0/node-v24.21.0-darwin-x64.tar.gz"

[tools.node."platforms.windows-x64"]
checksum = "sha256:158f7685b44de51f6c0df1d153526cbcd3e1bc739a8dfc607721cef75de9e541"
url = "https://nodejs.org/dist/v24.21.0/node-v24.21.0-win-x64.zip"

[[tools."npm:@mariozechner/pi-coding-agent"]]
version = "0.73.1"
aube = { path = ".mise/locks/mise.global/npm-mariozechner-pi-coding-agent/0.73.1", digest = "sha256:3a1d4ce35b786a961552c0ba5e09716ba0c95c60a81682f6e2f3980c7d1e1421" }
backend = "npm:@mariozechner/pi-coding-agent"
specifiers = ["latest"]

[[tools."npm:npkill"]]
version = "0.12.2"
aube = { path = ".mise/locks/mise.global/npm-npkill/0.12.2", digest = "sha256:cf21ea8cbc0fbe8ef89734485f83d7b77464f06a50c8b1a170d5688726dc4e7e" }
backend = "npm:npkill"
specifiers = ["latest"]

[[tools."npm:playwright"]]
version = "1.64.0"
aube = { path = ".mise/locks/mise.global/npm-playwright/1.64.0", digest = "sha256:f59d688014768e57fe2563af80ef926b096a2e059ae642f8e3b826be989be08f" }
backend = "npm:playwright"
specifiers = ["latest"]

[[tools.opencode]]
version = "1.18.35"
backend = "aqua:anomalyco/opencode"
specifiers = ["latest"]

[tools.opencode."platforms.linux-x64"]
checksum = "sha256:c8f888b451f5494a18f858fffb0e0b68f4e4baa9c241761c5f206884f0fa640d"
url = "https://github.com/anomalyco/opencode/releases/download/v1.18.35/opencode-linux-x64.tar.gz"
url_api = "https://api.github.com/repos/anomalyco/opencode/releases/assets/616520362"

[tools.opencode."platforms.macos-arm64"]
checksum = "sha256:80b05124357a77cd57945bfde36082a028e829c198d222d5e146617f49a2c4b7"
url = "https://github.com/anomalyco/opencode/releases/download/v1.18.35/opencode-darwin-arm64.zip"
url_api = "https://api.github.com/repos/anomalyco/opencode/releases/assets/616527957"

[tools.opencode."platforms.macos-x64"]
checksum = "sha256:8127d69e8e94d7adc496e910435f2f73856d87d456e988d3a947f250c95c1be2"
url = "https://github.com/anomalyco/opencode/releases/download/v1.18.35/opencode-darwin-x64.zip"
url_api = "https://api.github.com/repos/anomalyco/opencode/releases/assets/616527960"

[tools.opencode."platforms.windows-x64"]
checksum = "sha256:c90d248cca75e42fd15422a29b5f83a1b30c441af83565635d6b2682adc58dd1"
url = "https://github.com/anomalyco/opencode/releases/download/v1.18.35/opencode-windows-x64.zip"
url_api = "https://api.github.com/repos/anomalyco/opencode/releases/assets/616527771"

[[tools.pnpm]]
version = "12.10.1"
backend = "aqua:pnpm/pnpm"
specifiers = ["latest"]

[tools.pnpm."platforms.linux-x64"]
checksum = "sha256:502a275984a4cd01e5579ac72049a241091cac5118e44becf84951130c3e079e"
url = "https://github.com/pnpm/pnpm/releases/download/v12.10.1/pnpm-linux-x64.tar.gz"
url_api = "https://api.github.com/repos/pnpm/pnpm/releases/assets/616153639"
provenance = "github-attestations"

[tools.pnpm."platforms.macos-arm64"]
checksum = "sha256:a617ae6a55c8b3cd494c611ada88d65cb7c3cf6d7828e91b2f44b4bed1bee217"
url = "https://github.com/pnpm/pnpm/releases/download/v12.10.1/pnpm-darwin-arm64.tar.gz"
url_api = "https://api.github.com/repos/pnpm/pnpm/releases/assets/616153633"
provenance = "github-attestations"

[tools.pnpm."platforms.macos-x64"]
checksum = "sha256:be78adee6612302667836dcde5a344c6ec03c231de34091868e6f272a6484fe6"
url = "https://github.com/pnpm/pnpm/releases/download/v12.10.1/pnpm-darwin-x64.tar.gz"
url_api = "https://api.github.com/repos/pnpm/pnpm/releases/assets/616153641"
provenance = "github-attestations"

[tools.pnpm."platforms.windows-x64"]
checksum = "sha256:299009317554b82905927f8e9782ec5f0afb08eb7b5cc5eb2b15a923cb1a56ef"
url = "https://github.com/pnpm/pnpm/releases/download/v12.10.1/pnpm-win32-x64.zip"
url_api = "https://api.github.com/repos/pnpm/pnpm/releases/assets/616153638"
provenance = "github-attestations"

[[tools.powershell]]
version = "7.6.6"
backend = "aqua:PowerShell/PowerShell"
specifiers = ["7.6.6"]

[tools.powershell."platforms.linux-x64"]
checksum = "sha256:ddbc4a2d113bbd46d283cfedcbcd117a70caefd7673f41f2b4e0000badf103bc"
url = "https://github.com/PowerShell/PowerShell/releases/download/v7.6.6/powershell-7.6.6-linux-x64.tar.gz"
url_api = "https://api.github.com/repos/PowerShell/PowerShell/releases/assets/551205454"

[tools.powershell."platforms.macos-arm64"]
checksum = "sha256:6df833d094ebac1c1a74340d7b3437f4aaf5e03ce640484a1c4359f3ce8b3db1"
url = "https://github.com/PowerShell/PowerShell/releases/download/v7.6.6/powershell-7.6.6-osx-arm64.tar.gz"
url_api = "https://api.github.com/repos/PowerShell/PowerShell/releases/assets/551205842"

[tools.powershell."platforms.macos-x64"]
checksum = "sha256:e325ed9f666894eb39a5ea52800b602da2fb4242bbe9747ceddb39cdc66de805"
url = "https://github.com/PowerShell/PowerShell/releases/download/v7.6.6/powershell-7.6.6-osx-x64.tar.gz"
url_api = "https://api.github.com/repos/PowerShell/PowerShell/releases/assets/551206192"

[tools.powershell."platforms.windows-x64"]
checksum = "sha256:02fe458be20493fbdf43f61ea20610b811ee6c738ab1676c61b9cfcd1a33c860"
url = "https://github.com/PowerShell/PowerShell/releases/download/v7.6.6/PowerShell-7.6.6-win-x64.zip"
url_api = "https://api.github.com/repos/PowerShell/PowerShell/releases/assets/551207033"

[[tools.python]]
version = "3.14.8"
backend = "core:python"
specifiers = ["3.14"]

[tools.python."platforms.linux-x64"]
checksum = "sha256:ddc902fd26460f728758c67d80417c1031edf97589f1f162c4ba3aa158a35998"
url = "https://github.com/astral-sh/python-build-standalone/releases/download/20261009/cpython-3.14.8+20261009-x86_64-unknown-linux-gnu-install_only_stripped.tar.gz"
provenance = "github-attestations"

[tools.python."platforms.macos-arm64"]
checksum = "sha256:936217c0e6893f51af939474bee18ecf5e6fe47b986d2c163f19b57c682e4a83"
url = "https://github.com/astral-sh/python-build-standalone/releases/download/20261009/cpython-3.14.8+20261009-aarch64-apple-darwin-install_only_stripped.tar.gz"
provenance = "github-attestations"

[tools.python."platforms.macos-x64"]
checksum = "sha256:0fe0c68a7f90458abd13b50a3d8f5f0cb5b2f0a1f33b6ef1445751cf2dc8b36e"
url = "https://github.com/astral-sh/python-build-standalone/releases/download/20261009/cpython-3.14.8+20261009-x86_64-apple-darwin-install_only_stripped.tar.gz"
provenance = "github-attestations"

[tools.python."platforms.windows-x64"]
checksum = "sha256:5b6fa7ddeabe23ae83d7b54e5043eb4fa1ccb10a73fa4c6b0f541dea8160d505"
url = "https://github.com/astral-sh/python-build-standalone/releases/download/20261009/cpython-3.14.8+20261009-x86_64-pc-windows-msvc-install_only_stripped.tar.gz"
provenance = "github-attestations"

[[tools.ripgrep]]
version = "15.2.0"
backend = "aqua:BurntSushi/ripgrep"
specifiers = ["latest"]

[tools.ripgrep."platforms.linux-x64"]
checksum = "sha256:33e15bcf1624b25cdd2a55813a47a2f95dbe126268203e76aa6a585d1e7b149c"
url = "https://github.com/BurntSushi/ripgrep/releases/download/15.2.0/ripgrep-15.2.0-x86_64-unknown-linux-musl.tar.gz"
url_api = "https://api.github.com/repos/BurntSushi/ripgrep/releases/assets/478120097"

[tools.ripgrep."platforms.macos-arm64"]
checksum = "sha256:3750b2e93f37e0c692657da574d7019a101c0084da05a790c83fd335bad973e4"
url = "https://github.com/BurntSushi/ripgrep/releases/download/15.2.0/ripgrep-15.2.0-aarch64-apple-darwin.tar.gz"
url_api = "https://api.github.com/repos/BurntSushi/ripgrep/releases/assets/478118851"

[tools.ripgrep."platforms.macos-x64"]
checksum = "sha256:af7825fcc69a2afc7a7aea55fc9af90e26421d8f20fe59df32e233c0b8a231c1"
url = "https://github.com/BurntSushi/ripgrep/releases/download/15.2.0/ripgrep-15.2.0-x86_64-apple-darwin.tar.gz"
url_api = "https://api.github.com/repos/BurntSushi/ripgrep/releases/assets/478119585"

[tools.ripgrep."platforms.windows-x64"]
checksum = "sha256:71b2fef860abe467217a538ff31de02f5258807c0129f771846f87bd029aafc5"
url = "https://github.com/BurntSushi/ripgrep/releases/download/15.2.0/ripgrep-15.2.0-x86_64-pc-windows-msvc.zip"
url_api = "https://api.github.com/repos/BurntSushi/ripgrep/releases/assets/478119643"

[[tools.ruby]]
version = "3.4.11"
backend = "core:ruby"
specifiers = ["3"]

[tools.ruby."platforms.windows-x64"]
checksum = "sha256:a9aca84326a90422c0905bcb47be629b687a881dcad96149604c2cb074d03154"
url = "https://github.com/oneclick/rubyinstaller2/releases/download/RubyInstaller-3.4.11-1/rubyinstaller-3.4.11-1-x64.7z"

[[tools.ruby]]
version = "3.4.11"
backend = "core:ruby"
specifiers = ["3"]

[tools.ruby.options]
compile = "false"
precompiled_url = "jdx/ruby"
ruby_build_repo = "https://github.com/rbenv/ruby-build.git"
ruby_install = "false"

[tools.ruby."platforms.linux-x64"]
checksum = "sha256:187448200a8af7a9caf32bc4eb40b63bdc1fe3666400d1bdd875fc1adbe0be36"
url = "https://github.com/jdx/ruby/releases/download/3.4.11-2/ruby-3.4.11.x86_64_linux.tar.gz"
provenance = "github-attestations"

[tools.ruby."platforms.macos-arm64"]
checksum = "sha256:72efe9e14e3a9a254edf3dc56f2e843422e8b23317e4bc2b6cef9271c3838d89"
url = "https://github.com/jdx/ruby/releases/download/3.4.11-2/ruby-3.4.11.macos.tar.gz"
provenance = "github-attestations"

[tools.ruby."platforms.macos-x64"]
checksum = "sha256:5c22be44524312b3d433d68739bcc530633b1da5ef8ba0afa0a37680da17d3de"
url = "https://cache.ruby-lang.org/pub/ruby/3.4/ruby-3.4.11.tar.gz"

[[tools.rust]]
version = "stable"
backend = "core:rust"
specifiers = ["stable"]

[[tools.shellcheck]]
version = "0.11.0"
backend = "aqua:koalaman/shellcheck"
specifiers = ["latest"]

[tools.shellcheck."platforms.linux-x64"]
checksum = "sha256:8c3be12b05d5c177a04c29e3c78ce89ac86f1595681cab149b65b97c4e227198"
url = "https://github.com/koalaman/shellcheck/releases/download/v0.11.0/shellcheck-v0.11.0.linux.x86_64.tar.xz"
url_api = "https://api.github.com/repos/koalaman/shellcheck/releases/assets/279056942"

[tools.shellcheck."platforms.macos-arm64"]
checksum = "sha256:56affdd8de5527894dca6dc3d7e0a99a873b0f004d7aabc30ae407d3f48b0a79"
url = "https://github.com/koalaman/shellcheck/releases/download/v0.11.0/shellcheck-v0.11.0.darwin.aarch64.tar.xz"
url_api = "https://api.github.com/repos/koalaman/shellcheck/releases/assets/279056932"

[tools.shellcheck."platforms.macos-x64"]
checksum = "sha256:3c89db4edcab7cf1c27bff178882e0f6f27f7afdf54e859fa041fca10febe4c6"
url = "https://github.com/koalaman/shellcheck/releases/download/v0.11.0/shellcheck-v0.11.0.darwin.x86_64.tar.xz"
url_api = "https://api.github.com/repos/koalaman/shellcheck/releases/assets/279056930"

[tools.shellcheck."platforms.windows-x64"]
checksum = "sha256:8a4e35ab0b331c85d73567b12f2a444df187f483e5079ceffa6bda1faa2e740e"
url = "https://github.com/koalaman/shellcheck/releases/download/v0.11.0/shellcheck-v0.11.0.zip"
url_api = "https://api.github.com/repos/koalaman/shellcheck/releases/assets/279056944"

[[tools.supabase]]
version = "2.120.0"
backend = "aqua:supabase/cli"
specifiers = ["latest"]

[tools.supabase."platforms.linux-x64"]
checksum = "sha256:7074584113aa00495beeac661c41fb09f1ddd0a483cd7333894b0d080086dc6e"
url = "https://github.com/supabase/cli/releases/download/v2.120.0/supabase_linux_amd64.tar.gz"
url_api = "https://api.github.com/repos/supabase/cli/releases/assets/616067308"

[tools.supabase."platforms.macos-arm64"]
checksum = "sha256:3b8546cc61aeabab6fd1f68edc7f664ebdfa96bdd6a9b18d8d612708f430ae28"
url = "https://github.com/supabase/cli/releases/download/v2.120.0/supabase_darwin_arm64.tar.gz"
url_api = "https://api.github.com/repos/supabase/cli/releases/assets/616066948"

[tools.supabase."platforms.macos-x64"]
checksum = "sha256:4c6fd79d3feaab3ba404f18044e6abee09d73c39376491476cb64880b3822f46"
url = "https://github.com/supabase/cli/releases/download/v2.120.0/supabase_darwin_amd64.tar.gz"
url_api = "https://api.github.com/repos/supabase/cli/releases/assets/616067075"

[tools.supabase."platforms.windows-x64"]
checksum = "sha256:53920013d24bc9e66180f35ceeea9ddc20e65a7afa883421e9c0ba60ad7457ee"
url = "https://github.com/supabase/cli/releases/download/v2.120.0/supabase_windows_amd64.tar.gz"
url_api = "https://api.github.com/repos/supabase/cli/releases/assets/616067549"

[[tools.vercel]]
version = "63.1.0"
aube = { path = ".mise/locks/mise.global/vercel/63.1.0~a6545071", digest = "sha256:69317fe48bc1fd8ecc71c27d906e8c5ea7e7fd5f8cff2d7231e9d5abe639ce8b" }
backend = "npm:vercel"
specifiers = ["latest"]

[tools.vercel.options]
allow_builds = '["esbuild"]'
trust_policy_excludes = '["undici"]'

[[tools.worktrunk]]
version = "0.80.0"
backend = "packslip:github.com/max-sixty/worktrunk"
specifiers = ["latest"]

[tools.worktrunk."platforms.linux-x64"]
checksum = "sha256:532ce3ed5eecb1be274c925b5887f61671e2434a4ca2561b9a8ac9379dbba199"
url = "https://github.com/max-sixty/worktrunk/releases/download/v0.80.0/worktrunk-x86_64-unknown-linux-musl.tar.xz"
signer = "sigstore-oidc:https://github.com/max-sixty/worktrunk/.github/workflows/release.yaml"

[tools.worktrunk."platforms.macos-arm64"]
checksum = "sha256:8a2bb053c4bc80dea7d9ce6c221ff038d10a3d2dca2dc8f60d1b1a094fa783a9"
url = "https://github.com/max-sixty/worktrunk/releases/download/v0.80.0/worktrunk-aarch64-apple-darwin.tar.xz"
signer = "sigstore-oidc:https://github.com/max-sixty/worktrunk/.github/workflows/release.yaml"

[tools.worktrunk."platforms.macos-x64"]
checksum = "sha256:aa898aa301617abaf91cb3078de4c8c11444a061016dc8f6dd80aa17cc1c46be"
url = "https://github.com/max-sixty/worktrunk/releases/download/v0.80.0/worktrunk-x86_64-apple-darwin.tar.xz"
signer = "sigstore-oidc:https://github.com/max-sixty/worktrunk/.github/workflows/release.yaml"

[tools.worktrunk."platforms.windows-x64"]
checksum = "sha256:8cf52cbef86431403f558c483eaf23872dd1f8359356d8356bbc19d28cbbbb6e"
url = "https://github.com/max-sixty/worktrunk/releases/download/v0.80.0/worktrunk-x86_64-pc-windows-msvc.zip"
signer = "sigstore-oidc:https://github.com/max-sixty/worktrunk/.github/workflows/release.yaml"
